// !$*UTF8*$!
{
	archiveVersion = 1;
	classes = {
	};
	objectVersion = 55;
	objects = {

/* Begin PBXBuildFile section */
		582B157A28203BC000883320 /* financeAppApp.swift in Sources */ = {isa = PBXBuildFile; fileRef = 582B157928203BC000883320 /* financeAppApp.swift */; };
		582B157C28203BC000883320 /* ContentView.swift in Sources */ = {isa = PBXBuildFile; fileRef = 582B157B28203BC000883320 /* ContentView.swift */; };
		582B157E28203BC700883320 /* Assets.xcassets in Resources */ = {isa = PBXBuildFile; fileRef = 582B157D28203BC700883320 /* Assets.xcassets */; };
		582B158128203BC700883320 /* Preview Assets.xcassets in Resources */ = {isa = PBXBuildFile; fileRef = 582B158028203BC700883320 /* Preview Assets.xcassets */; };
		582B158B28203BC800883320 /* financeAppTests.swift in Sources */ = {isa = PBXBuildFile; fileRef = 582B158A28203BC800883320 /* financeAppTests.swift */; };
		582B159528203BC800883320 /* financeAppUITests.swift in Sources */ = {isa = PBXBuildFile; fileRef = 582B159428203BC800883320 /* financeAppUITests.swift */; };
		582B159728203BC800883320 /* financeAppUITestsLaunchTests.swift in Sources */ = {isa = PBXBuildFile; fileRef = 582B159628203BC800883320 /* financeAppUITestsLaunchTests.swift */; };
/* End PBXBuildFile section */

/* Begin PBXContainerItemProxy section */
		582B158728203BC800883320 /* PBXContainerItemProxy */ = {
			isa = PBXContainerItemProxy;
			containerPortal = 582B156E28203BC000883320 /* Project object */;
			proxyType = 1;
			remoteGlobalIDString = 582B157528203BC000883320;
			remoteInfo = financeApp;
		};
		582B159128203BC800883320 /* PBXContainerItemProxy */ = {
			isa = PBXContainerItemProxy;
			containerPortal = 582B156E28203BC000883320 /* Project object */;
			proxyType = 1;
			remoteGlobalIDString = 582B157528203BC000883320;
			remoteInfo = financeApp;
		};
/* End PBXContainerItemProxy section */

/* Begin PBXFileReference section */
		582B157628203BC000883320 /* financeApp.app */ = {isa = PBXFileReference; explicitFileType = wrapper.application; includeInIndex = 0; path = financeApp.app; sourceTree = BUILT_PRODUCTS_DIR; };
		582B157928203BC000883320 /* financeAppApp.swift */ = {isa = PBXFileReference; lastKnownFileType = sourcecode.swift; path = financeAppApp.swift; sourceTree = "<group>"; };
		582B157B28203BC000883320 /* ContentView.swift */ = {isa = PBXFileReference; lastKnownFileType = sourcecode.swift; path = ContentView.swift; sourceTree = "<group>"; };
		582B157D28203BC700883320 /* Assets.xcassets */ = {isa = PBXFileReference; lastKnownFileType = folder.assetcatalog; path = Assets.xcassets; sourceTree = "<group>"; };
		582B158028203BC700883320 /* Preview Assets.xcassets */ = {isa = PBXFileReference; lastKnownFileType = folder.assetcatalog; path = "Preview Assets.xcassets"; sourceTree = "<group>"; };
		582B158628203BC800883320 /* financeAppTests.xctest */ = {isa = PBXFileReference; explicitFileType = wrapper.cfbundle; includeInIndex = 0; path = financeAppTests.xctest; sourceTree = BUILT_PRODUCTS_DIR; };
		582B158A28203BC800883320 /* financeAppTests.swift */ = {isa = PBXFileReference; lastKnownFileType = sourcecode.swift; path = financeAppTests.swift; sourceTree = "<group>"; };
		582B159028203BC800883320 /* financeAppUITests.xctest */ = {isa = PBXFileReference; explicitFileType = wrapper.cfbundle; includeInIndex = 0; path = financeAppUITests.xctest; sourceTree = BUILT_PRODUCTS_DIR; };
		582B159428203BC800883320 /* financeAppUITests.swift */ = {isa = PBXFileReference; lastKnownFileType = sourcecode.swift; path = financeAppUITests.swift; sourceTree = "<group>"; };
		582B159628203BC800883320 /* financeAppUITestsLaunchTests.swift */ = {isa = PBXFileReference; lastKnownFileType = sourcecode.swift; path = financeAppUITestsLaunchTests.swift; sourceTree = "<group>"; };
/* End PBXFileReference section */

/* Begin PBXFrameworksBuildPhase section */
		582B157328203BC000883320 /* Frameworks */ = {
			isa = PBXFrameworksBuildPhase;
			buildActionMask = 2147483647;
			files = (
			);
			runOnlyForDeploymentPostprocessing = 0;
		};
		582B158328203BC800883320 /* Frameworks */ = {
			isa = PBXFrameworksBuildPhase;
			buildActionMask = 2147483647;
			files = (
			);
			runOnlyForDeploymentPostprocessing = 0;
		};
		582B158D28203BC800883320 /* Frameworks */ = {
			isa = PBXFrameworksBuildPhase;
			buildActionMask = 2147483647;
			files = (
			);
			runOnlyForDeploymentPostprocessing = 0;
		};
/* End PBXFrameworksBuildPhase section */

/* Begin PBXGroup section */
		582B156D28203BC000883320 = {
			isa = PBXGroup;
			children = (
				582B157828203BC000883320 /* financeApp */,
				582B158928203BC800883320 /* financeAppTests */,
				582B159328203BC800883320 /* financeAppUITests */,
				582B157728203BC000883320 /* Products */,
			);
			sourceTree = "<group>";
		};
		582B157728203BC000883320 /* Products */ = {
			isa = PBXGroup;
			children = (
				582B157628203BC000883320 /* financeApp.app */,
				582B158628203BC800883320 /* financeAppTests.xctest */,
				582B159028203BC800883320 /* financeAppUITests.xctest */,
			);
			name = Products;
			sourceTree = "<group>";
		};
		582B157828203BC000883320 /* financeApp */ = {
			isa = PBXGroup;
			children = (
				582B157928203BC000883320 /* financeAppApp.swift */,
				582B157B28203BC000883320 /* ContentView.swift */,
				582B157D28203BC700883320 /* Assets.xcassets */,
				582B157F28203BC700883320 /* Preview Content */,
			);
			path = financeApp;
			sourceTree = "<group>";
		};
		582B157F28203BC700883320 /* Preview Content */ = {
			isa = PBXGroup;
			children = (
				582B158028203BC700883320 /* Preview Assets.xcassets */,
			);
			path = "Preview Content";
			sourceTree = "<group>";
		};
		582B158928203BC800883320 /* financeAppTests */ = {
			isa = PBXGroup;
			children = (
				582B158A28203BC800883320 /* financeAppTests.swift */,
			);
			path = financeAppTests;
			sourceTree = "<group>";
		};
		582B159328203BC800883320 /* financeAppUITests */ = {
			isa = PBXGroup;
			children = (
				582B159428203BC800883320 /* financeAppUITests.swift */,
				582B159628203BC800883320 /* financeAppUITestsLaunchTests.swift */,
			);
			path = financeAppUITests;
			sourceTree = "<group>";
		};
/* End PBXGroup section */

/* Begin PBXNativeTarget section */
		582B157528203BC000883320 /* financeApp */ = {
			isa = PBXNativeTarget;
			buildConfigurationList = 582B159A28203BC800883320 /* Build configuration list for PBXNativeTarget "financeApp" */;
			buildPhases = (
				582B157228203BC000883320 /* Sources */,
				582B157328203BC000883320 /* Frameworks */,
				582B157428203BC000883320 /* Resources */,
			);
			buildRules = (
			);
			dependencies = (
			);
			name = financeApp;
			productName = financeApp;
			productReference = 582B157628203BC000883320 /* financeApp.app */;
			productType = "com.apple.product-type.application";
		};
		582B158528203BC800883320 /* financeAppTests */ = {
			isa = PBXNativeTarget;
			buildConfigurationList = 582B159D28203BC800883320 /* Build configuration list for PBXNativeTarget "financeAppTests" */;
			buildPhases = (
				582B158228203BC800883320 /* Sources */,
				582B158328203BC800883320 /* Frameworks */,
				582B158428203BC800883320 /* Resources */,
			);
			buildRules = (
			);
			dependencies = (
				582B158828203BC800883320 /* PBXTargetDependency */,
			);
			name = financeAppTests;
			productName = financeAppTests;
			productReference = 582B158628203BC800883320 /* financeAppTests.xctest */;
			productType = "com.apple.product-type.bundle.unit-test";
		};
		582B158F28203BC800883320 /* financeAppUITests */ = {
			isa = PBXNativeTarget;
			buildConfigurationList = 582B15A028203BC800883320 /* Build configuration list for PBXNativeTarget "financeAppUITests" */;
			buildPhases = (
				582B158C28203BC800883320 /* Sources */,
				582B158D28203BC800883320 /* Frameworks */,
				582B158E28203BC800883320 /* Resources */,
			);
			buildRules = (
			);
			dependencies = (
				582B159228203BC800883320 /* PBXTargetDependency */,
			);
			name = financeAppUITests;
			productName = financeAppUITests;
			productReference = 582B159028203BC800883320 /* financeAppUITests.xctest */;
			productType = "com.apple.product-type.bundle.ui-testing";
		};
/* End PBXNativeTarget section */

/* Begin PBXProject section */
		582B156E28203BC000883320 /* Project object */ = {
			isa = PBXProject;
			attributes = {
				BuildIndependentTargetsInParallel = 1;
				LastSwiftUpdateCheck = 1330;
				LastUpgradeCheck = 1330;
				TargetAttributes = {
					582B157528203BC000883320 = {
						CreatedOnToolsVersion = 13.3.1;
					};
					582B158528203BC800883320 = {
						CreatedOnToolsVersion = 13.3.1;
						TestTargetID = 582B157528203BC000883320;
					};
					582B158F28203BC800883320 = {
						CreatedOnToolsVersion = 13.3.1;
						TestTargetID = 582B157528203BC000883320;
					};
				};
			};
			buildConfigurationList = 582B157128203BC000883320 /* Build configuration list for PBXProject "financeApp" */;
			compatibilityVersion = "Xcode 13.0";
			developmentRegion = en;
			hasScannedForEncodings = 0;
			knownRegions = (
				en,
				Base,
			);
			mainGroup = 582B156D28203BC000883320;
			productRefGroup = 582B157728203BC000883320 /* Products */;
			projectDirPath = "";
			projectRoot = "";
			targets = (
				582B157528203BC000883320 /* financeApp */,
				582B158528203BC800883320 /* financeAppTests */,
				582B158F28203BC800883320 /* financeAppUITests */,
			);
		};
/* End PBXProject section */

/* Begin PBXResourcesBuildPhase section */
		582B157428203BC000883320 /* Resources */ = {
			isa = PBXResourcesBuildPhase;
			buildActionMask = 2147483647;
			files = (
				582B158128203BC700883320 /* Preview Assets.xcassets in Resources */,
				582B157E28203BC700883320 /* Assets.xcassets in Resources */,
			);
			runOnlyForDeploymentPostprocessing = 0;
		};
		582B158428203BC800883320 /* Resources */ = {
			isa = PBXResourcesBuildPhase;
			buildActionMask = 2147483647;
			files = (
			);
			runOnlyForDeploymentPostprocessing = 0;
		};
		582B158E28203BC800883320 /* Resources */ = {
			isa = PBXResourcesBuildPhase;
			buildActionMask = 2147483647;
			files = (
			);
			runOnlyForDeploymentPostprocessing = 0;
		};
/* End PBXResourcesBuildPhase section */

/* Begin PBXSourcesBuildPhase section */
		582B157228203BC000883320 /* Sources */ = {
			isa = PBXSourcesBuildPhase;
			buildActionMask = 2147483647;
			files = (
				582B157C28203BC000883320 /* ContentView.swift in Sources */,
				582B157A28203BC000883320 /* financeAppApp.swift in Sources */,
			);
			runOnlyForDeploymentPostprocessing = 0;
		};
		582B158228203BC800883320 /* Sources */ = {
			isa = PBXSourcesBuildPhase;
			buildActionMask = 2147483647;
			files = (
				582B158B28203BC800883320 /* financeAppTests.swift in Sources */,
			);
			runOnlyForDeploymentPostprocessing = 0;
		};
		582B158C28203BC800883320 /* Sources */ = {
			isa = PBXSourcesBuildPhase;
			buildActionMask = 2147483647;
			files = (
				582B159528203BC800883320 /* financeAppUITests.swift in Sources */,
				582B159728203BC800883320 /* financeAppUITestsLaunchTests.swift in Sources */,
			);
			runOnlyForDeploymentPostprocessing = 0;
		};
/* End PBXSourcesBuildPhase section */

/* Begin PBXTargetDependency section */
		582B158828203BC800883320 /* PBXTargetDependency */ = {
			isa = PBXTargetDependency;
			target = 582B157528203BC000883320 /* financeApp */;
			targetProxy = 582B158728203BC800883320 /* PBXContainerItemProxy */;
		};
		582B159228203BC800883320 /* PBXTargetDependency */ = {
			isa = PBXTargetDependency;
			target = 582B157528203BC000883320 /* financeApp */;
			targetProxy = 582B159128203BC800883320 /* PBXContainerItemProxy */;
		};
/* End PBXTargetDependency section */

/* Begin XCBuildConfiguration section */
		582B159828203BC800883320 /* Debug */ = {
			isa = XCBuildConfiguration;
			buildSettings = {
				ALWAYS_SEARCH_USER_PATHS = NO;
				CLANG_ANALYZER_NONNULL = YES;
				CLANG_ANALYZER_NUMBER_OBJECT_CONVERSION = YES_AGGRESSIVE;
				CLANG_CXX_LANGUAGE_STANDARD = "gnu++17";
				CLANG_ENABLE_MODULES = YES;
				CLANG_ENABLE_OBJC_ARC = YES;
				CLANG_ENABLE_OBJC_WEAK = YES;
				CLANG_WARN_BLOCK_CAPTURE_AUTORELEASING = YES;
				CLANG_WARN_BOOL_CONVERSION = YES;
				CLANG_WARN_COMMA = YES;
				CLANG_WARN_CONSTANT_CONVERSION = YES;
				CLANG_WARN_DEPRECATED_OBJC_IMPLEMENTATIONS = YES;
				CLANG_WARN_DIRECT_OBJC_ISA_USAGE = YES_ERROR;
				CLANG_WARN_DOCUMENTATION_COMMENTS = YES;
				CLANG_WARN_EMPTY_BODY = YES;
				CLANG_WARN_ENUM_CONVERSION = YES;
				CLANG_WARN_INFINITE_RECURSION = YES;
				CLANG_WARN_INT_CONVERSION = YES;
				CLANG_WARN_NON_LITERAL_NULL_CONVERSION = YES;
				CLANG_WARN_OBJC_IMPLICIT_RETAIN_SELF = YES;
				CLANG_WARN_OBJC_LITERAL_CONVERSION = YES;
				CLANG_WARN_OBJC_ROOT_CLASS = YES_ERROR;
				CLANG_WARN_QUOTED_INCLUDE_IN_FRAMEWORK_HEADER = YES;
				CLANG_WARN_RANGE_LOOP_ANALYSIS = YES;
				CLANG_WARN_STRICT_PROTOTYPES = YES;
				CLANG_WARN_SUSPICIOUS_MOVE = YES;
				CLANG_WARN_UNGUARDED_AVAILABILITY = YES_AGGRESSIVE;
				CLANG_WARN_UNREACHABLE_CODE = YES;
				CLANG_WARN__DUPLICATE_METHOD_MATCH = YES;
				COPY_PHASE_STRIP = NO;
				DEBUG_INFORMATION_FORMAT = dwarf;
				ENABLE_STRICT_OBJC_MSGSEND = YES;
				ENABLE_TESTABILITY = YES;
				GCC_C_LANGUAGE_STANDARD = gnu11;
				GCC_DYNAMIC_NO_PIC = NO;
				GCC_NO_COMMON_BLOCKS = YES;
				GCC_OPTIMIZATION_LEVEL = 0;
				GCC_PREPROCESSOR_DEFINITIONS = (
					"DEBUG=1",
					"$(inherited)",
				);
				GCC_WARN_64_TO_32_BIT_CONVERSION = YES;
				GCC_WARN_ABOUT_RETURN_TYPE = YES_ERROR;
				GCC_WARN_UNDECLARED_SELECTOR = YES;
				GCC_WARN_UNINITIALIZED_AUTOS = YES_AGGRESSIVE;
				GCC_WARN_UNUSED_FUNCTION = YES;
				GCC_WARN_UNUSED_VARIABLE = YES;
				IPHONEOS_DEPLOYMENT_TARGET = 15.4;
				MTL_ENABLE_DEBUG_INFO = INCLUDE_SOURCE;
				MTL_FAST_MATH = YES;
				ONLY_ACTIVE_ARCH = YES;
				SDKROOT = iphoneos;
				SWIFT_ACTIVE_COMPILATION_CONDITIONS = DEBUG;
				SWIFT_OPTIMIZATION_LEVEL = "-Onone";
			};
			name = Debug;
		};
		582B159928203BC800883320 /* Release */ = {
			isa = XCBuildConfiguration;
			buildSettings = {
				ALWAYS_SEARCH_USER_PATHS = NO;
				CLANG_ANALYZER_NONNULL = YES;
				CLANG_ANALYZER_NUMBER_OBJECT_CONVERSION = YES_AGGRESSIVE;
				CLANG_CXX_LANGUAGE_STANDARD = "gnu++17";
				CLANG_ENABLE_MODULES = YES;
				CLANG_ENABLE_OBJC_ARC = YES;
				CLANG_ENABLE_OBJC_WEAK = YES;
				CLANG_WARN_BLOCK_CAPTURE_AUTORELEASING = YES;
				CLANG_WARN_BOOL_CONVERSION = YES;
				CLANG_WARN_COMMA = YES;
				CLANG_WARN_CONSTANT_CONVERSION = YES;
				CLANG_WARN_DEPRECATED_OBJC_IMPLEMENTATIONS = YES;
				CLANG_WARN_DIRECT_OBJC_ISA_USAGE = YES_ERROR;
				CLANG_WARN_DOCUMENTATION_COMMENTS = YES;
				CLANG_WARN_EMPTY_BODY = YES;
				CLANG_WARN_ENUM_CONVERSION = YES;
				CLANG_WARN_INFINITE_RECURSION = YES;
				CLANG_WARN_INT_CONVERSION = YES;
				CLANG_WARN_NON_LITERAL_NULL_CONVERSION = YES;
				CLANG_WARN_OBJC_IMPLICIT_RETAIN_SELF = YES;
				CLANG_WARN_OBJC_LITERAL_CONVERSION = YES;
				CLANG_WARN_OBJC_ROOT_CLASS = YES_ERROR;
				CLANG_WARN_QUOTED_INCLUDE_IN_FRAMEWORK_HEADER = YES;
				CLANG_WARN_RANGE_LOOP_ANALYSIS = YES;
				CLANG_WARN_STRICT_PROTOTYPES = YES;
				CLANG_WARN_SUSPICIOUS_MOVE = YES;
				CLANG_WARN_UNGUARDED_AVAILABILITY = YES_AGGRESSIVE;
				CLANG_WARN_UNREACHABLE_CODE = YES;
				CLANG_WARN__DUPLICATE_METHOD_MATCH = YES;
				COPY_PHASE_STRIP = NO;
				DEBUG_INFORMATION_FORMAT = "dwarf-with-dsym";
				ENABLE_NS_ASSERTIONS = NO;
				ENABLE_STRICT_OBJC_MSGSEND = YES;
				GCC_C_LANGUAGE_STANDARD = gnu11;
				GCC_NO_COMMON_BLOCKS = YES;
				GCC_WARN_64_TO_32_BIT_CONVERSION = YES;
				GCC_WARN_ABOUT_RETURN_TYPE = YES_ERROR;
				GCC_WARN_UNDECLARED_SELECTOR = YES;
				GCC_WARN_UNINITIALIZED_AUTOS = YES_AGGRESSIVE;
				GCC_WARN_UNUSED_FUNCTION = YES;
				GCC_WARN_UNUSED_VARIABLE = YES;
				IPHONEOS_DEPLOYMENT_TARGET = 15.4;
				MTL_ENABLE_DEBUG_INFO = NO;
				MTL_FAST_MATH = YES;
				SDKROOT = iphoneos;
				SWIFT_COMPILATION_MODE = wholemodule;
				SWIFT_OPTIMIZATION_LEVEL = "-O";
				VALIDATE_PRODUCT = YES;
			};
			name = Release;
		};
		582B159B28203BC800883320 /* Debug */ = {
			isa = XCBuildConfiguration;
			buildSettings = {
				ASSETCATALOG_COMPILER_APPICON_NAME = AppIcon;
				ASSETCATALOG_COMPILER_GLOBAL_ACCENT_COLOR_NAME = AccentColor;
				CODE_SIGN_STYLE = Automatic;
				CURRENT_PROJECT_VERSION = 1;
				DEVELOPMENT_ASSET_PATHS = "\"financeApp/Preview Content\"";
				ENABLE_PREVIEWS = YES;
				GENERATE_INFOPLIST_FILE = YES;
				INFOPLIST_KEY_UIApplicationSceneManifest_Generation = YES;
				INFOPLIST_KEY_UIApplicationSupportsIndirectInputEvents = YES;
				INFOPLIST_KEY_UILaunchScreen_Generation = YES;
				INFOPLIST_KEY_UISupportedInterfaceOrientations_iPad = "UIInterfaceOrientationPortrait UIInterfaceOrientationPortraitUpsideDown UIInterfaceOrientationLandscapeLeft UIInterfaceOrientationLandscapeRight";
				INFOPLIST_KEY_UISupportedInterfaceOrientations_iPhone = "UIInterfaceOrientationPortrait UIInterfaceOrientationLandscapeLeft UIInterfaceOrientationLandscapeRight";
				LD_RUNPATH_SEARCH_PATHS = (
					"$(inherited)",
					"@executable_path/Frameworks",
				);
				MARKETING_VERSION = 1.0;
				PRODUCT_BUNDLE_IDENTIFIER = com.ertugrulberber.financeApp;
				PRODUCT_NAME = "$(TARGET_NAME)";
				SWIFT_EMIT_LOC_STRINGS = YES;
				SWIFT_VERSION = 5.0;
				TARGETED_DEVICE_FAMILY = "1,2";
			};
			name = Debug;
		};
		582B159C28203BC800883320 /* Release */ = {
			isa = XCBuildConfiguration;
			buildSettings = {
				ASSETCATALOG_COMPILER_APPICON_NAME = AppIcon;
				ASSETCATALOG_COMPILER_GLOBAL_ACCENT_COLOR_NAME = AccentColor;
				CODE_SIGN_STYLE = Automatic;
				CURRENT_PROJECT_VERSION = 1;
				DEVELOPMENT_ASSET_PATHS = "\"financeApp/Preview Content\"";
				ENABLE_PREVIEWS = YES;
				GENERATE_INFOPLIST_FILE = YES;
				INFOPLIST_KEY_UIApplicationSceneManifest_Generation = YES;
				INFOPLIST_KEY_UIApplicationSupportsIndirectInputEvents = YES;
				INFOPLIST_KEY_UILaunchScreen_Generation = YES;
				INFOPLIST_KEY_UISupportedInterfaceOrientations_iPad = "UIInterfaceOrientationPortrait UIInterfaceOrientationPortraitUpsideDown UIInterfaceOrientationLandscapeLeft UIInterfaceOrientationLandscapeRight";
				INFOPLIST_KEY_UISupportedInterfaceOrientations_iPhone = "UIInterfaceOrientationPortrait UIInterfaceOrientationLandscapeLeft UIInterfaceOrientationLandscapeRight";
				LD_RUNPATH_SEARCH_PATHS = (
					"$(inherited)",
					"@executable_path/Frameworks",
				);
				MARKETING_VERSION = 1.0;
				PRODUCT_BUNDLE_IDENTIFIER = com.ertugrulberber.financeApp;
				PRODUCT_NAME = "$(TARGET_NAME)";
				SWIFT_EMIT_LOC_STRINGS = YES;
				SWIFT_VERSION = 5.0;
				TARGETED_DEVICE_FAMILY = "1,2";
			};
			name = Release;
		};
		582B159E28203BC800883320 /* Debug */ = {
			isa = XCBuildConfiguration;
			buildSettings = {
				ALWAYS_EMBED_SWIFT_STANDARD_LIBRARIES = YES;
				BUNDLE_LOADER = "$(TEST_HOST)";
				CODE_SIGN_STYLE = Automatic;
				CURRENT_PROJECT_VERSION = 1;
				GENERATE_INFOPLIST_FILE = YES;
				IPHONEOS_DEPLOYMENT_TARGET = 15.4;
				MARKETING_VERSION = 1.0;
				PRODUCT_BUNDLE_IDENTIFIER = com.ertugrulberber.financeAppTests;
				PRODUCT_NAME = "$(TARGET_NAME)";
				SWIFT_EMIT_LOC_STRINGS = NO;
				SWIFT_VERSION = 5.0;
				TARGETED_DEVICE_FAMILY = "1,2";
				TEST_HOST = "$(BUILT_PRODUCTS_DIR)/financeApp.app/financeApp";
			};
			name = Debug;
		};
		582B159F28203BC800883320 /* Release */ = {
			isa = XCBuildConfiguration;
			buildSettings = {
				ALWAYS_EMBED_SWIFT_STANDARD_LIBRARIES = YES;
				BUNDLE_LOADER = "$(TEST_HOST)";
				CODE_SIGN_STYLE = Automatic;
				CURRENT_PROJECT_VERSION = 1;
				GENERATE_INFOPLIST_FILE = YES;
				IPHONEOS_DEPLOYMENT_TARGET = 15.4;
				MARKETING_VERSION = 1.0;
				PRODUCT_BUNDLE_IDENTIFIER = com.ertugrulberber.financeAppTests;
				PRODUCT_NAME = "$(TARGET_NAME)";
				SWIFT_EMIT_LOC_STRINGS = NO;
				SWIFT_VERSION = 5.0;
				TARGETED_DEVICE_FAMILY = "1,2";
				TEST_HOST = "$(BUILT_PRODUCTS_DIR)/financeApp.app/financeApp";
			};
			name = Release;
		};
		582B15A128203BC800883320 /* Debug */ = {
			isa = XCBuildConfiguration;
			buildSettings = {
				ALWAYS_EMBED_SWIFT_STANDARD_LIBRARIES = YES;
				CODE_SIGN_STYLE = Automatic;
				CURRENT_PROJECT_VERSION = 1;
				GENERATE_INFOPLIST_FILE = YES;
				MARKETING_VERSION = 1.0;
				PRODUCT_BUNDLE_IDENTIFIER = com.ertugrulberber.financeAppUITests;
				PRODUCT_NAME = "$(TARGET_NAME)";
				SWIFT_EMIT_LOC_STRINGS = NO;
				SWIFT_VERSION = 5.0;
				TARGETED_DEVICE_FAMILY = "1,2";
				TEST_TARGET_NAME = financeApp;
			};
			name = Debug;
		};
		582B15A228203BC800883320 /* Release */ = {
			isa = XCBuildConfiguration;
			buildSettings = {
				ALWAYS_EMBED_SWIFT_STANDARD_LIBRARIES = YES;
				CODE_SIGN_STYLE = Automatic;
				CURRENT_PROJECT_VERSION = 1;
				GENERATE_INFOPLIST_FILE = YES;
				MARKETING_VERSION = 1.0;
				PRODUCT_BUNDLE_IDENTIFIER = com.ertugrulberber.financeAppUITests;
				PRODUCT_NAME = "$(TARGET_NAME)";
				SWIFT_EMIT_LOC_STRINGS = NO;
				SWIFT_VERSION = 5.0;
				TARGETED_DEVICE_FAMILY = "1,2";
				TEST_TARGET_NAME = financeApp;
			};
			name = Release;
		};
/* End XCBuildConfiguration section */

/* Begin XCConfigurationList section */
		582B157128203BC000883320 /* Build configuration list for PBXProject "financeApp" */ = {
			isa = XCConfigurationList;
			buildConfigurations = (
				582B159828203BC800883320 /* Debug */,
				582B159928203BC800883320 /* Release */,
			);
			defaultConfigurationIsVisible = 0;
			defaultConfigurationName = Release;
		};
		582B159A28203BC800883320 /* Build configuration list for PBXNativeTarget "financeApp" */ = {
			isa = XCConfigurationList;
			buildConfigurations = (
				582B159B28203BC800883320 /* Debug */,
				582B159C28203BC800883320 /* Release */,
			);
			defaultConfigurationIsVisible = 0;
			defaultConfigurationName = Release;
		};
		582B159D28203BC800883320 /* Build configuration list for PBXNativeTarget "financeAppTests" */ = {
			isa = XCConfigurationList;
			buildConfigurations = (
				582B159E28203BC800883320 /* Debug */,
				582B159F28203BC800883320 /* Release */,
			);
			defaultConfigurationIsVisible = 0;
			defaultConfigurationName = Release;
		};
		582B15A028203BC800883320 /* Build configuration list for PBXNativeTarget "financeAppUITests" */ = {
			isa = XCConfigurationList;
			buildConfigurations = (
				582B15A128203BC800883320 /* Debug */,
				582B15A228203BC800883320 /* Release */,
			);
			defaultConfigurationIsVisible = 0;
			defaultConfigurationName = Release;
		};
/* End XCConfigurationList section */
	};
	rootObject = 582B156E28203BC000883320 /* Project object */;
}
